{
  "name": "@jianguo_paper/openclaw-skill-runtime",
  "version": "0.11.0",
  "lockfileVersion": 3,
  "requires": true,
  "packages": {
    "": {
      "name": "@jianguo_paper/openclaw-skill-runtime",
      "version": "0.11.0",
      "license": "MIT",
      "bin": {
        "openclaw-skill-runtime": "bin/openclaw-skill-runtime.js"
      },
      "engines": {
        "node": ">=18.18"
      }
    }
  }
}
